
Microsoft Visual Studio Solution File, Format Version 12.00
# Visual Studio Version 17
VisualStudioVersion = 17.2.32630.192
MinimumVisualStudioVersion = 10.0.40219.1
Project("{9A19103F-16F7-4668-BE54-9A1E7A4F7556}") = "D8S.L0002", "D8S.L0002\D8S.L0002.csproj", "{983885DD-5478-45A4-BDDC-376F0BDC864A}"
EndProject
Global
	GlobalSection(SolutionConfigurationPlatforms) = preSolution
		Debug|Any CPU = Debug|Any CPU
		Release|Any CPU = Release|Any CPU
	EndGlobalSection
	GlobalSection(ProjectConfigurationPlatforms) = postSolution
		{983885DD-5478-45A4-BDDC-376F0BDC864A}.Debug|Any CPU.ActiveCfg = Debug|Any CPU
		{983885DD-5478-45A4-BDDC-376F0BDC864A}.Debug|Any CPU.Build.0 = Debug|Any CPU
		{983885DD-5478-45A4-BDDC-376F0BDC864A}.Release|Any CPU.ActiveCfg = Release|Any CPU
		{983885DD-5478-45A4-BDDC-376F0BDC864A}.Release|Any CPU.Build.0 = Release|Any CPU
	EndGlobalSection
	GlobalSection(SolutionProperties) = preSolution
		HideSolutionNode = FALSE
	EndGlobalSection
	GlobalSection(ExtensibilityGlobals) = postSolution
		SolutionGuid = {02FEC237-EF16-46F0-B57E-888A335BB81D}
	EndGlobalSection
EndGlobal
