
Microsoft Visual Studio Solution File, Format Version 12.00
# Visual Studio Version 17
VisualStudioVersion = 17.2.32630.192
MinimumVisualStudioVersion = 10.0.40219.1
Project("{9A19103F-16F7-4668-BE54-9A1E7A4F7556}") = "D8S.L0002.Construction", "D8S.L0002.Construction\D8S.L0002.Construction.csproj", "{8975E665-57A4-431A-8DB1-8E063646A1BF}"
EndProject
Project("{9A19103F-16F7-4668-BE54-9A1E7A4F7556}") = "D8S.L0002", "D8S.L0002\D8S.L0002.csproj", "{61948174-8139-44FC-B0D2-82D7EEBBCDDB}"
EndProject
Project("{2150E333-8FDC-42A3-9474-1A3956D46DE8}") = "_Dependencies", "_Dependencies", "{4347C35E-89EA-44FA-978F-D4B888837EC6}"
EndProject
Project("{9A19103F-16F7-4668-BE54-9A1E7A4F7556}") = "D8S.L0002.L001", "D8S.L0002.L001\D8S.L0002.L001.csproj", "{F67967CF-D64A-41FB-89DE-45E2534139B6}"
EndProject
Project("{9A19103F-16F7-4668-BE54-9A1E7A4F7556}") = "R5T.F0000", "..\..\..\SafetyCone\R5T.F0000\source\R5T.F0000\R5T.F0000.csproj", "{ACC6ADDA-81B1-4775-94D5-F9168004FA3C}"
EndProject
Project("{9A19103F-16F7-4668-BE54-9A1E7A4F7556}") = "R5T.F0002", "..\..\..\SafetyCone\R5T.F0002\source\R5T.F0002\R5T.F0002.csproj", "{C07A0078-5136-4C47-A969-799FCBF3690A}"
EndProject
Project("{9A19103F-16F7-4668-BE54-9A1E7A4F7556}") = "R5T.F0059", "..\..\..\SafetyCone\R5T.F0059\source\R5T.F0059\R5T.F0059.csproj", "{9C84E20A-9911-40E0-BDF0-536EAC914A2A}"
EndProject
Project("{9A19103F-16F7-4668-BE54-9A1E7A4F7556}") = "R5T.F0120", "..\..\..\SafetyCone\R5T.F0120\source\R5T.F0120\R5T.F0120.csproj", "{F365EDD0-DAB7-4827-AEE2-0C0FC7D40DCD}"
EndProject
Project("{9A19103F-16F7-4668-BE54-9A1E7A4F7556}") = "R5T.F0124", "..\..\..\SafetyCone\R5T.F0124\source\R5T.F0124\R5T.F0124.csproj", "{9125BBD7-423F-43D2-9885-50E75928CCBF}"
EndProject
Project("{9A19103F-16F7-4668-BE54-9A1E7A4F7556}") = "R5T.F0125", "..\..\..\SafetyCone\R5T.F0125\source\R5T.F0125\R5T.F0125.csproj", "{E02E45E1-5135-422C-BDC4-AD2FD76DF8A0}"
EndProject
Project("{9A19103F-16F7-4668-BE54-9A1E7A4F7556}") = "R5T.L0030.T000", "..\..\..\SafetyCone\R5T.L0030\source\R5T.L0030.T000\R5T.L0030.T000.csproj", "{7030F330-5C6A-4652-B548-5141D9104EC2}"
EndProject
Project("{9A19103F-16F7-4668-BE54-9A1E7A4F7556}") = "R5T.L0030", "..\..\..\SafetyCone\R5T.L0030\source\R5T.L0030\R5T.L0030.csproj", "{CF1EC023-444C-4E94-9924-FB7699B44B9C}"
EndProject
Project("{9A19103F-16F7-4668-BE54-9A1E7A4F7556}") = "R5T.L0034", "..\..\..\SafetyCone\R5T.L0034\source\R5T.L0034\R5T.L0034.csproj", "{901355E1-6F71-40CA-97EE-76AB8FC247EC}"
EndProject
Project("{9A19103F-16F7-4668-BE54-9A1E7A4F7556}") = "R5T.L0035", "..\..\..\SafetyCone\R5T.L0035\source\R5T.L0035\R5T.L0035.csproj", "{E5907A5B-614F-4F56-9511-5EEC1400CE4E}"
EndProject
Project("{9A19103F-16F7-4668-BE54-9A1E7A4F7556}") = "R5T.L0053", "..\..\..\SafetyCone\R5T.L0053\source\R5T.L0053\R5T.L0053.csproj", "{9BD1B5F9-AB7F-450F-98BB-01013A81AE3B}"
EndProject
Project("{9A19103F-16F7-4668-BE54-9A1E7A4F7556}") = "R5T.L0056", "..\..\..\SafetyCone\R5T.L0056\source\R5T.L0056\R5T.L0056.csproj", "{860558CA-DB10-4263-8F63-7A21B0F4A558}"
EndProject
Project("{9A19103F-16F7-4668-BE54-9A1E7A4F7556}") = "R5T.L0066", "..\..\..\SafetyCone\R5T.L0066\source\R5T.L0066\R5T.L0066.csproj", "{F430222C-409E-474C-A167-290AE838629B}"
EndProject
Project("{9A19103F-16F7-4668-BE54-9A1E7A4F7556}") = "R5T.L0071", "..\..\..\SafetyCone\R5T.L0071\source\R5T.L0071\R5T.L0071.csproj", "{68C0B26A-A6C9-407F-A49C-BC3F017538A1}"
EndProject
Project("{9A19103F-16F7-4668-BE54-9A1E7A4F7556}") = "R5T.L0074", "..\..\..\SafetyCone\R5T.L0074\source\R5T.L0074\R5T.L0074.csproj", "{C0816950-E6B8-46BE-A27D-57A7DAC39059}"
EndProject
Project("{9A19103F-16F7-4668-BE54-9A1E7A4F7556}") = "R5T.L0089.F000", "..\..\..\SafetyCone\R5T.L0089\source\R5T.L0089.F000\R5T.L0089.F000.csproj", "{D74DAE82-0D71-4950-87B0-9353E35F5A00}"
EndProject
Project("{9A19103F-16F7-4668-BE54-9A1E7A4F7556}") = "R5T.L0089.T000", "..\..\..\SafetyCone\R5T.L0089\source\R5T.L0089.T000\R5T.L0089.T000.csproj", "{F9DBDB3E-73D5-4AD8-9C02-00B155912C51}"
EndProject
Project("{9A19103F-16F7-4668-BE54-9A1E7A4F7556}") = "R5T.L0089", "..\..\..\SafetyCone\R5T.L0089\source\R5T.L0089\R5T.L0089.csproj", "{3D824CBD-CE7E-4ACB-8838-F797D5938FD8}"
EndProject
Project("{9A19103F-16F7-4668-BE54-9A1E7A4F7556}") = "R5T.NG0006", "..\..\..\SafetyCone\R5T.NG0006\source\R5T.NG0006\R5T.NG0006.csproj", "{FF29BE97-5B3A-490D-8234-8ED9A19ED959}"
EndProject
Project("{9A19103F-16F7-4668-BE54-9A1E7A4F7556}") = "R5T.NG0022", "..\..\..\SafetyCone\R5T.NG0022\source\R5T.NG0022\R5T.NG0022.csproj", "{961002CA-F5C3-416A-BA0E-6FB4FB98BADA}"
EndProject
Project("{9A19103F-16F7-4668-BE54-9A1E7A4F7556}") = "R5T.T0131", "..\..\..\SafetyCone\R5T.T0131\source\R5T.T0131\R5T.T0131.csproj", "{BAD5CED6-C456-4170-B072-4709F9276F44}"
EndProject
Project("{9A19103F-16F7-4668-BE54-9A1E7A4F7556}") = "R5T.T0132", "..\..\..\SafetyCone\R5T.T0132\source\R5T.T0132\R5T.T0132.csproj", "{7B8F0A53-708A-4F68-A10F-E0ED0CCE4CF0}"
EndProject
Project("{9A19103F-16F7-4668-BE54-9A1E7A4F7556}") = "R5T.T0142", "..\..\..\SafetyCone\R5T.T0142\source\R5T.T0142\R5T.T0142.csproj", "{4456BB10-BE60-4D9B-B0E7-FBB0959EF8B4}"
EndProject
Project("{9A19103F-16F7-4668-BE54-9A1E7A4F7556}") = "R5T.T0143", "..\..\..\SafetyCone\R5T.T0143\source\R5T.T0143\R5T.T0143.csproj", "{2A1BB907-32C3-43C8-8951-9CF91B3E1639}"
EndProject
Project("{9A19103F-16F7-4668-BE54-9A1E7A4F7556}") = "R5T.T0150", "..\..\..\SafetyCone\R5T.T0150\source\R5T.T0150\R5T.T0150.csproj", "{4AC43ECD-BDC5-45A5-94BE-430C70EEDFD0}"
EndProject
Project("{9A19103F-16F7-4668-BE54-9A1E7A4F7556}") = "R5T.T0151", "..\..\..\SafetyCone\R5T.T0151\source\R5T.T0151\R5T.T0151.csproj", "{AABB1E85-82F5-4DB8-BC46-AB08591AC3AE}"
EndProject
Project("{9A19103F-16F7-4668-BE54-9A1E7A4F7556}") = "R5T.T0156", "..\..\..\SafetyCone\R5T.T0156\source\R5T.T0156\R5T.T0156.csproj", "{C3294568-E661-4548-A694-C4804266D068}"
EndProject
Project("{9A19103F-16F7-4668-BE54-9A1E7A4F7556}") = "R5T.T0158", "..\..\..\SafetyCone\R5T.T0158\source\R5T.T0158\R5T.T0158.csproj", "{EF8C96F8-1669-49EF-B181-A3FC0F122BEC}"
EndProject
Project("{9A19103F-16F7-4668-BE54-9A1E7A4F7556}") = "R5T.T0159", "..\..\..\SafetyCone\R5T.T0159\source\R5T.T0159\R5T.T0159.csproj", "{8DB18331-31AD-4B3C-B387-BAEF7F8796FE}"
EndProject
Project("{9A19103F-16F7-4668-BE54-9A1E7A4F7556}") = "R5T.T0172", "..\..\..\SafetyCone\R5T.T0172\source\R5T.T0172\R5T.T0172.csproj", "{30329DFC-6E41-444C-AB92-4F22F04EEFB9}"
EndProject
Project("{9A19103F-16F7-4668-BE54-9A1E7A4F7556}") = "R5T.T0174", "..\..\..\SafetyCone\R5T.T0174\source\R5T.T0174\R5T.T0174.csproj", "{47A06DF1-C6C9-4C7E-AC05-9E6C483DC6B3}"
EndProject
Project("{9A19103F-16F7-4668-BE54-9A1E7A4F7556}") = "R5T.T0176", "..\..\..\SafetyCone\R5T.T0176\source\R5T.T0176\R5T.T0176.csproj", "{27638DF0-DEF9-458E-A6D3-DD4B16D7A31F}"
EndProject
Project("{9A19103F-16F7-4668-BE54-9A1E7A4F7556}") = "R5T.T0177", "..\..\..\SafetyCone\R5T.T0177\source\R5T.T0177\R5T.T0177.csproj", "{F316ADF2-6881-4179-AFC4-F48298FDD3F2}"
EndProject
Project("{9A19103F-16F7-4668-BE54-9A1E7A4F7556}") = "R5T.T0178", "..\..\..\SafetyCone\R5T.T0178\source\R5T.T0178\R5T.T0178.csproj", "{7182828C-DDDC-439B-BA93-F21C330EF47C}"
EndProject
Project("{9A19103F-16F7-4668-BE54-9A1E7A4F7556}") = "R5T.T0179", "..\..\..\SafetyCone\R5T.T0179\source\R5T.T0179\R5T.T0179.csproj", "{0736E20F-1908-4707-B18E-3634B748DCDB}"
EndProject
Project("{9A19103F-16F7-4668-BE54-9A1E7A4F7556}") = "R5T.T0180", "..\..\..\SafetyCone\R5T.T0180\source\R5T.T0180\R5T.T0180.csproj", "{8A15027A-E05F-4512-86D0-ADC57B8EFCF8}"
EndProject
Project("{9A19103F-16F7-4668-BE54-9A1E7A4F7556}") = "R5T.T0181", "..\..\..\SafetyCone\R5T.T0181\source\R5T.T0181\R5T.T0181.csproj", "{080DF680-1EA5-4982-945C-156E82D44144}"
EndProject
Project("{9A19103F-16F7-4668-BE54-9A1E7A4F7556}") = "R5T.T0185", "..\..\..\SafetyCone\R5T.T0185\source\R5T.T0185\R5T.T0185.csproj", "{5AB3D779-05B7-4394-ACD8-B17B41B1E2A6}"
EndProject
Project("{9A19103F-16F7-4668-BE54-9A1E7A4F7556}") = "R5T.T0199.T000", "..\..\..\SafetyCone\R5T.T0199\source\R5T.T0199.T000\R5T.T0199.T000.csproj", "{AF2774ED-6C9F-464F-8E76-8DD3FE591C2F}"
EndProject
Project("{9A19103F-16F7-4668-BE54-9A1E7A4F7556}") = "R5T.T0199.T001", "..\..\..\SafetyCone\R5T.T0199\source\R5T.T0199.T001\R5T.T0199.T001.csproj", "{3642C03E-7F8B-4806-9388-005F14A554A1}"
EndProject
Project("{9A19103F-16F7-4668-BE54-9A1E7A4F7556}") = "R5T.T0199", "..\..\..\SafetyCone\R5T.T0199\source\R5T.T0199\R5T.T0199.csproj", "{A82DE969-9F1F-4452-AC06-5BA66B3CE7B1}"
EndProject
Project("{9A19103F-16F7-4668-BE54-9A1E7A4F7556}") = "R5T.T0203", "..\..\..\SafetyCone\R5T.T0203\source\R5T.T0203\R5T.T0203.csproj", "{7BD3EEC2-ADF4-4BA1-B1C0-1F5E2B073AD3}"
EndProject
Project("{9A19103F-16F7-4668-BE54-9A1E7A4F7556}") = "R5T.T0213", "..\..\..\SafetyCone\R5T.T0213\source\R5T.T0213\R5T.T0213.csproj", "{FCB00324-6CBC-48F3-BEAA-9FF28652E296}"
EndProject
Project("{9A19103F-16F7-4668-BE54-9A1E7A4F7556}") = "R5T.T0218", "..\..\..\SafetyCone\R5T.T0218\source\R5T.T0218\R5T.T0218.csproj", "{C01C4BF6-0630-43B7-9CBF-02A330160179}"
EndProject
Project("{9A19103F-16F7-4668-BE54-9A1E7A4F7556}") = "R5T.T0219", "..\..\..\SafetyCone\R5T.T0219\source\R5T.T0219\R5T.T0219.csproj", "{924F8986-B42C-47C4-ACEA-CCD8F23FF691}"
EndProject
Project("{9A19103F-16F7-4668-BE54-9A1E7A4F7556}") = "R5T.T0220", "..\..\..\SafetyCone\R5T.T0220\source\R5T.T0220\R5T.T0220.csproj", "{FA5C2249-8B66-46C2-8BC4-187F5C2F72C1}"
EndProject
Project("{9A19103F-16F7-4668-BE54-9A1E7A4F7556}") = "R5T.T0221", "..\..\..\SafetyCone\R5T.T0221\source\R5T.T0221\R5T.T0221.csproj", "{7A2D9AD6-71A0-4180-BE0E-760D9F49DAB5}"
EndProject
Project("{9A19103F-16F7-4668-BE54-9A1E7A4F7556}") = "R5T.T0227", "..\..\..\SafetyCone\R5T.T0227\source\R5T.T0227\R5T.T0227.csproj", "{FA16CEBA-D920-4BBE-9359-63F813D1F2DC}"
EndProject
Project("{9A19103F-16F7-4668-BE54-9A1E7A4F7556}") = "R5T.T0241", "..\..\..\SafetyCone\R5T.T0241\source\R5T.T0241\R5T.T0241.csproj", "{2298FCA5-DDF7-409C-B1A1-A008D9E7680A}"
EndProject
Project("{9A19103F-16F7-4668-BE54-9A1E7A4F7556}") = "R5T.T0252", "..\..\..\SafetyCone\R5T.T0252\source\R5T.T0252\R5T.T0252.csproj", "{0442BC91-7D7F-440F-A26C-642F137E2308}"
EndProject
Project("{9A19103F-16F7-4668-BE54-9A1E7A4F7556}") = "R5T.Y0000", "..\..\..\SafetyCone\R5T.Y0000\source\R5T.Y0000\R5T.Y0000.csproj", "{F67BB57A-AD7E-47A8-B8AE-0E90280BCAD5}"
EndProject
Project("{9A19103F-16F7-4668-BE54-9A1E7A4F7556}") = "R5T.Y0006", "..\..\..\SafetyCone\R5T.Y0006\source\R5T.Y0006\R5T.Y0006.csproj", "{80E4CD60-ABE4-4821-AF16-566A5E7AF667}"
EndProject
Project("{9A19103F-16F7-4668-BE54-9A1E7A4F7556}") = "R5T.Z0000", "..\..\..\SafetyCone\R5T.Z0000\source\R5T.Z0000\R5T.Z0000.csproj", "{2C168B60-01E1-4EFB-9152-8463CD03386C}"
EndProject
Project("{9A19103F-16F7-4668-BE54-9A1E7A4F7556}") = "R5T.Z0057.Platform", "..\..\..\SafetyCone\R5T.Z0057\source\R5T.Z0057.Platform\R5T.Z0057.Platform.csproj", "{95E1C28C-F1C6-4AAE-903B-50397585C2E2}"
EndProject
Project("{9A19103F-16F7-4668-BE54-9A1E7A4F7556}") = "R5T.Z0057", "..\..\..\SafetyCone\R5T.Z0057\source\R5T.Z0057\R5T.Z0057.csproj", "{024EA6E2-5124-4882-8B0B-948987DD0CFE}"
EndProject
Project("{9A19103F-16F7-4668-BE54-9A1E7A4F7556}") = "R5T.Z0058", "..\..\..\SafetyCone\R5T.Z0058\source\R5T.Z0058\R5T.Z0058.csproj", "{A8A48DE2-3ADE-4512-8BCA-B5AD35EE1ED2}"
EndProject
Project("{9A19103F-16F7-4668-BE54-9A1E7A4F7556}") = "R5T.Z0072.Z000", "..\..\..\SafetyCone\R5T.Z0072\source\R5T.Z0072.Z000\R5T.Z0072.Z000.csproj", "{9D31D993-D0CD-48E2-A86D-F30F3427FD11}"
EndProject
Project("{9A19103F-16F7-4668-BE54-9A1E7A4F7556}") = "R5T.Z0072.Z001", "..\..\..\SafetyCone\R5T.Z0072\source\R5T.Z0072.Z001\R5T.Z0072.Z001.csproj", "{B2513017-C40C-47E9-949B-C6E136E99413}"
EndProject
Project("{9A19103F-16F7-4668-BE54-9A1E7A4F7556}") = "R5T.Z0072.Z002", "..\..\..\SafetyCone\R5T.Z0072\source\R5T.Z0072.Z002\R5T.Z0072.Z002.csproj", "{C78C804A-948F-4D40-B93E-94077968A064}"
EndProject
Project("{9A19103F-16F7-4668-BE54-9A1E7A4F7556}") = "R5T.Z0072.Z004", "..\..\..\SafetyCone\R5T.Z0072\source\R5T.Z0072.Z004\R5T.Z0072.Z004.csproj", "{3C9EE420-C4D9-4F82-BC56-ABB87C644861}"
EndProject
Project("{9A19103F-16F7-4668-BE54-9A1E7A4F7556}") = "D8S.L0002.L100", "D8S.L0002.L100\D8S.L0002.L100.csproj", "{BF6F3B34-164B-40AC-AF0C-95E8A98CE987}"
EndProject
Project("{9A19103F-16F7-4668-BE54-9A1E7A4F7556}") = "R5T.T0064", "..\..\..\SafetyCone\R5T.T0064\source\R5T.T0064\R5T.T0064.csproj", "{49D418EE-D4DA-4F60-A1B4-6C1DFACF3BB7}"
EndProject
Project("{9A19103F-16F7-4668-BE54-9A1E7A4F7556}") = "R5T.NG0002", "..\..\..\SafetyCone\R5T.NG0002\source\R5T.NG0002\R5T.NG0002.csproj", "{D2983EFA-C50F-4686-8AA2-EC1770B7FAA9}"
EndProject
Project("{9A19103F-16F7-4668-BE54-9A1E7A4F7556}") = "R5T.T0248", "..\..\..\SafetyCone\R5T.T0248\source\R5T.T0248\R5T.T0248.csproj", "{E7D5C42E-90F6-4F47-9B5E-90A32C538DE5}"
EndProject
Project("{9A19103F-16F7-4668-BE54-9A1E7A4F7556}") = "D8S.L0002.D001", "D8S.L0002.D001\D8S.L0002.D001.csproj", "{831E106D-8317-4D83-91B2-7D0C4D2317EF}"
EndProject
Project("{9A19103F-16F7-4668-BE54-9A1E7A4F7556}") = "D8S.L0002.I001", "D8S.L0002.I001\D8S.L0002.I001.csproj", "{C3CECF39-DCBC-484F-9D36-6A46A06E4108}"
EndProject
Project("{9A19103F-16F7-4668-BE54-9A1E7A4F7556}") = "D8S.L0002.Z001", "D8S.L0002.Z001\D8S.L0002.Z001.csproj", "{E7BF2F89-077E-455A-8998-373C30195602}"
EndProject
Project("{9A19103F-16F7-4668-BE54-9A1E7A4F7556}") = "D8S.L0002.T001", "D8S.L0002.T001\D8S.L0002.T001.csproj", "{C4994794-54D1-4A7F-BC3C-04181784D74E}"
EndProject
Project("{9A19103F-16F7-4668-BE54-9A1E7A4F7556}") = "D8S.L0002.L002", "D8S.L0002.L002\D8S.L0002.L002.csproj", "{72CAB9A6-5E34-4691-B79D-7211A2A148EE}"
EndProject
Project("{9A19103F-16F7-4668-BE54-9A1E7A4F7556}") = "D8S.L0002.I002", "D8S.L0002.I002\D8S.L0002.I002.csproj", "{312CF8C8-CB13-42EE-B9D1-07BFE525E0DD}"
EndProject
Project("{9A19103F-16F7-4668-BE54-9A1E7A4F7556}") = "D8S.L0002.D002", "D8S.L0002.D002\D8S.L0002.D002.csproj", "{1150114F-3290-438E-8B57-05B9A1DA0AB6}"
EndProject
Project("{9A19103F-16F7-4668-BE54-9A1E7A4F7556}") = "D8S.L0002.D002.X001", "D8S.L0002.D002.X001\D8S.L0002.D002.X001.csproj", "{AA7AA169-FEBC-48D7-A145-5638824F86EC}"
EndProject
Global
	GlobalSection(NestedProjects) = preSolution
		{ACC6ADDA-81B1-4775-94D5-F9168004FA3C} = {4347C35E-89EA-44FA-978F-D4B888837EC6}
		{C07A0078-5136-4C47-A969-799FCBF3690A} = {4347C35E-89EA-44FA-978F-D4B888837EC6}
		{9C84E20A-9911-40E0-BDF0-536EAC914A2A} = {4347C35E-89EA-44FA-978F-D4B888837EC6}
		{F365EDD0-DAB7-4827-AEE2-0C0FC7D40DCD} = {4347C35E-89EA-44FA-978F-D4B888837EC6}
		{9125BBD7-423F-43D2-9885-50E75928CCBF} = {4347C35E-89EA-44FA-978F-D4B888837EC6}
		{E02E45E1-5135-422C-BDC4-AD2FD76DF8A0} = {4347C35E-89EA-44FA-978F-D4B888837EC6}
		{7030F330-5C6A-4652-B548-5141D9104EC2} = {4347C35E-89EA-44FA-978F-D4B888837EC6}
		{CF1EC023-444C-4E94-9924-FB7699B44B9C} = {4347C35E-89EA-44FA-978F-D4B888837EC6}
		{901355E1-6F71-40CA-97EE-76AB8FC247EC} = {4347C35E-89EA-44FA-978F-D4B888837EC6}
		{E5907A5B-614F-4F56-9511-5EEC1400CE4E} = {4347C35E-89EA-44FA-978F-D4B888837EC6}
		{9BD1B5F9-AB7F-450F-98BB-01013A81AE3B} = {4347C35E-89EA-44FA-978F-D4B888837EC6}
		{860558CA-DB10-4263-8F63-7A21B0F4A558} = {4347C35E-89EA-44FA-978F-D4B888837EC6}
		{F430222C-409E-474C-A167-290AE838629B} = {4347C35E-89EA-44FA-978F-D4B888837EC6}
		{68C0B26A-A6C9-407F-A49C-BC3F017538A1} = {4347C35E-89EA-44FA-978F-D4B888837EC6}
		{C0816950-E6B8-46BE-A27D-57A7DAC39059} = {4347C35E-89EA-44FA-978F-D4B888837EC6}
		{D74DAE82-0D71-4950-87B0-9353E35F5A00} = {4347C35E-89EA-44FA-978F-D4B888837EC6}
		{F9DBDB3E-73D5-4AD8-9C02-00B155912C51} = {4347C35E-89EA-44FA-978F-D4B888837EC6}
		{3D824CBD-CE7E-4ACB-8838-F797D5938FD8} = {4347C35E-89EA-44FA-978F-D4B888837EC6}
		{FF29BE97-5B3A-490D-8234-8ED9A19ED959} = {4347C35E-89EA-44FA-978F-D4B888837EC6}
		{961002CA-F5C3-416A-BA0E-6FB4FB98BADA} = {4347C35E-89EA-44FA-978F-D4B888837EC6}
		{BAD5CED6-C456-4170-B072-4709F9276F44} = {4347C35E-89EA-44FA-978F-D4B888837EC6}
		{7B8F0A53-708A-4F68-A10F-E0ED0CCE4CF0} = {4347C35E-89EA-44FA-978F-D4B888837EC6}
		{4456BB10-BE60-4D9B-B0E7-FBB0959EF8B4} = {4347C35E-89EA-44FA-978F-D4B888837EC6}
		{2A1BB907-32C3-43C8-8951-9CF91B3E1639} = {4347C35E-89EA-44FA-978F-D4B888837EC6}
		{4AC43ECD-BDC5-45A5-94BE-430C70EEDFD0} = {4347C35E-89EA-44FA-978F-D4B888837EC6}
		{AABB1E85-82F5-4DB8-BC46-AB08591AC3AE} = {4347C35E-89EA-44FA-978F-D4B888837EC6}
		{C3294568-E661-4548-A694-C4804266D068} = {4347C35E-89EA-44FA-978F-D4B888837EC6}
		{EF8C96F8-1669-49EF-B181-A3FC0F122BEC} = {4347C35E-89EA-44FA-978F-D4B888837EC6}
		{8DB18331-31AD-4B3C-B387-BAEF7F8796FE} = {4347C35E-89EA-44FA-978F-D4B888837EC6}
		{30329DFC-6E41-444C-AB92-4F22F04EEFB9} = {4347C35E-89EA-44FA-978F-D4B888837EC6}
		{47A06DF1-C6C9-4C7E-AC05-9E6C483DC6B3} = {4347C35E-89EA-44FA-978F-D4B888837EC6}
		{27638DF0-DEF9-458E-A6D3-DD4B16D7A31F} = {4347C35E-89EA-44FA-978F-D4B888837EC6}
		{F316ADF2-6881-4179-AFC4-F48298FDD3F2} = {4347C35E-89EA-44FA-978F-D4B888837EC6}
		{7182828C-DDDC-439B-BA93-F21C330EF47C} = {4347C35E-89EA-44FA-978F-D4B888837EC6}
		{0736E20F-1908-4707-B18E-3634B748DCDB} = {4347C35E-89EA-44FA-978F-D4B888837EC6}
		{8A15027A-E05F-4512-86D0-ADC57B8EFCF8} = {4347C35E-89EA-44FA-978F-D4B888837EC6}
		{080DF680-1EA5-4982-945C-156E82D44144} = {4347C35E-89EA-44FA-978F-D4B888837EC6}
		{5AB3D779-05B7-4394-ACD8-B17B41B1E2A6} = {4347C35E-89EA-44FA-978F-D4B888837EC6}
		{AF2774ED-6C9F-464F-8E76-8DD3FE591C2F} = {4347C35E-89EA-44FA-978F-D4B888837EC6}
		{3642C03E-7F8B-4806-9388-005F14A554A1} = {4347C35E-89EA-44FA-978F-D4B888837EC6}
		{A82DE969-9F1F-4452-AC06-5BA66B3CE7B1} = {4347C35E-89EA-44FA-978F-D4B888837EC6}
		{7BD3EEC2-ADF4-4BA1-B1C0-1F5E2B073AD3} = {4347C35E-89EA-44FA-978F-D4B888837EC6}
		{FCB00324-6CBC-48F3-BEAA-9FF28652E296} = {4347C35E-89EA-44FA-978F-D4B888837EC6}
		{C01C4BF6-0630-43B7-9CBF-02A330160179} = {4347C35E-89EA-44FA-978F-D4B888837EC6}
		{924F8986-B42C-47C4-ACEA-CCD8F23FF691} = {4347C35E-89EA-44FA-978F-D4B888837EC6}
		{FA5C2249-8B66-46C2-8BC4-187F5C2F72C1} = {4347C35E-89EA-44FA-978F-D4B888837EC6}
		{7A2D9AD6-71A0-4180-BE0E-760D9F49DAB5} = {4347C35E-89EA-44FA-978F-D4B888837EC6}
		{FA16CEBA-D920-4BBE-9359-63F813D1F2DC} = {4347C35E-89EA-44FA-978F-D4B888837EC6}
		{2298FCA5-DDF7-409C-B1A1-A008D9E7680A} = {4347C35E-89EA-44FA-978F-D4B888837EC6}
		{0442BC91-7D7F-440F-A26C-642F137E2308} = {4347C35E-89EA-44FA-978F-D4B888837EC6}
		{F67BB57A-AD7E-47A8-B8AE-0E90280BCAD5} = {4347C35E-89EA-44FA-978F-D4B888837EC6}
		{80E4CD60-ABE4-4821-AF16-566A5E7AF667} = {4347C35E-89EA-44FA-978F-D4B888837EC6}
		{2C168B60-01E1-4EFB-9152-8463CD03386C} = {4347C35E-89EA-44FA-978F-D4B888837EC6}
		{95E1C28C-F1C6-4AAE-903B-50397585C2E2} = {4347C35E-89EA-44FA-978F-D4B888837EC6}
		{024EA6E2-5124-4882-8B0B-948987DD0CFE} = {4347C35E-89EA-44FA-978F-D4B888837EC6}
		{A8A48DE2-3ADE-4512-8BCA-B5AD35EE1ED2} = {4347C35E-89EA-44FA-978F-D4B888837EC6}
		{9D31D993-D0CD-48E2-A86D-F30F3427FD11} = {4347C35E-89EA-44FA-978F-D4B888837EC6}
		{B2513017-C40C-47E9-949B-C6E136E99413} = {4347C35E-89EA-44FA-978F-D4B888837EC6}
		{C78C804A-948F-4D40-B93E-94077968A064} = {4347C35E-89EA-44FA-978F-D4B888837EC6}
		{3C9EE420-C4D9-4F82-BC56-ABB87C644861} = {4347C35E-89EA-44FA-978F-D4B888837EC6}
		{49D418EE-D4DA-4F60-A1B4-6C1DFACF3BB7} = {4347C35E-89EA-44FA-978F-D4B888837EC6}
		{D2983EFA-C50F-4686-8AA2-EC1770B7FAA9} = {4347C35E-89EA-44FA-978F-D4B888837EC6}
		{E7D5C42E-90F6-4F47-9B5E-90A32C538DE5} = {4347C35E-89EA-44FA-978F-D4B888837EC6}
	EndGlobalSection
	GlobalSection(SolutionConfigurationPlatforms) = preSolution
		Debug|Any CPU = Debug|Any CPU
		Release|Any CPU = Release|Any CPU
	EndGlobalSection
	GlobalSection(ProjectConfigurationPlatforms) = postSolution
		{8975E665-57A4-431A-8DB1-8E063646A1BF}.Debug|Any CPU.ActiveCfg = Debug|Any CPU
		{8975E665-57A4-431A-8DB1-8E063646A1BF}.Debug|Any CPU.Build.0 = Debug|Any CPU
		{8975E665-57A4-431A-8DB1-8E063646A1BF}.Release|Any CPU.ActiveCfg = Release|Any CPU
		{8975E665-57A4-431A-8DB1-8E063646A1BF}.Release|Any CPU.Build.0 = Release|Any CPU
		{61948174-8139-44FC-B0D2-82D7EEBBCDDB}.Debug|Any CPU.ActiveCfg = Debug|Any CPU
		{61948174-8139-44FC-B0D2-82D7EEBBCDDB}.Debug|Any CPU.Build.0 = Debug|Any CPU
		{61948174-8139-44FC-B0D2-82D7EEBBCDDB}.Release|Any CPU.ActiveCfg = Release|Any CPU
		{61948174-8139-44FC-B0D2-82D7EEBBCDDB}.Release|Any CPU.Build.0 = Release|Any CPU
		{F67967CF-D64A-41FB-89DE-45E2534139B6}.Debug|Any CPU.ActiveCfg = Debug|Any CPU
		{F67967CF-D64A-41FB-89DE-45E2534139B6}.Debug|Any CPU.Build.0 = Debug|Any CPU
		{F67967CF-D64A-41FB-89DE-45E2534139B6}.Release|Any CPU.ActiveCfg = Release|Any CPU
		{F67967CF-D64A-41FB-89DE-45E2534139B6}.Release|Any CPU.Build.0 = Release|Any CPU
		{ACC6ADDA-81B1-4775-94D5-F9168004FA3C}.Debug|Any CPU.ActiveCfg = Debug|Any CPU
		{ACC6ADDA-81B1-4775-94D5-F9168004FA3C}.Debug|Any CPU.Build.0 = Debug|Any CPU
		{ACC6ADDA-81B1-4775-94D5-F9168004FA3C}.Release|Any CPU.ActiveCfg = Release|Any CPU
		{ACC6ADDA-81B1-4775-94D5-F9168004FA3C}.Release|Any CPU.Build.0 = Release|Any CPU
		{C07A0078-5136-4C47-A969-799FCBF3690A}.Debug|Any CPU.ActiveCfg = Debug|Any CPU
		{C07A0078-5136-4C47-A969-799FCBF3690A}.Debug|Any CPU.Build.0 = Debug|Any CPU
		{C07A0078-5136-4C47-A969-799FCBF3690A}.Release|Any CPU.ActiveCfg = Release|Any CPU
		{C07A0078-5136-4C47-A969-799FCBF3690A}.Release|Any CPU.Build.0 = Release|Any CPU
		{9C84E20A-9911-40E0-BDF0-536EAC914A2A}.Debug|Any CPU.ActiveCfg = Debug|Any CPU
		{9C84E20A-9911-40E0-BDF0-536EAC914A2A}.Debug|Any CPU.Build.0 = Debug|Any CPU
		{9C84E20A-9911-40E0-BDF0-536EAC914A2A}.Release|Any CPU.ActiveCfg = Release|Any CPU
		{9C84E20A-9911-40E0-BDF0-536EAC914A2A}.Release|Any CPU.Build.0 = Release|Any CPU
		{F365EDD0-DAB7-4827-AEE2-0C0FC7D40DCD}.Debug|Any CPU.ActiveCfg = Debug|Any CPU
		{F365EDD0-DAB7-4827-AEE2-0C0FC7D40DCD}.Debug|Any CPU.Build.0 = Debug|Any CPU
		{F365EDD0-DAB7-4827-AEE2-0C0FC7D40DCD}.Release|Any CPU.ActiveCfg = Release|Any CPU
		{F365EDD0-DAB7-4827-AEE2-0C0FC7D40DCD}.Release|Any CPU.Build.0 = Release|Any CPU
		{9125BBD7-423F-43D2-9885-50E75928CCBF}.Debug|Any CPU.ActiveCfg = Debug|Any CPU
		{9125BBD7-423F-43D2-9885-50E75928CCBF}.Debug|Any CPU.Build.0 = Debug|Any CPU
		{9125BBD7-423F-43D2-9885-50E75928CCBF}.Release|Any CPU.ActiveCfg = Release|Any CPU
		{9125BBD7-423F-43D2-9885-50E75928CCBF}.Release|Any CPU.Build.0 = Release|Any CPU
		{E02E45E1-5135-422C-BDC4-AD2FD76DF8A0}.Debug|Any CPU.ActiveCfg = Debug|Any CPU
		{E02E45E1-5135-422C-BDC4-AD2FD76DF8A0}.Debug|Any CPU.Build.0 = Debug|Any CPU
		{E02E45E1-5135-422C-BDC4-AD2FD76DF8A0}.Release|Any CPU.ActiveCfg = Release|Any CPU
		{E02E45E1-5135-422C-BDC4-AD2FD76DF8A0}.Release|Any CPU.Build.0 = Release|Any CPU
		{7030F330-5C6A-4652-B548-5141D9104EC2}.Debug|Any CPU.ActiveCfg = Debug|Any CPU
		{7030F330-5C6A-4652-B548-5141D9104EC2}.Debug|Any CPU.Build.0 = Debug|Any CPU
		{7030F330-5C6A-4652-B548-5141D9104EC2}.Release|Any CPU.ActiveCfg = Release|Any CPU
		{7030F330-5C6A-4652-B548-5141D9104EC2}.Release|Any CPU.Build.0 = Release|Any CPU
		{CF1EC023-444C-4E94-9924-FB7699B44B9C}.Debug|Any CPU.ActiveCfg = Debug|Any CPU
		{CF1EC023-444C-4E94-9924-FB7699B44B9C}.Debug|Any CPU.Build.0 = Debug|Any CPU
		{CF1EC023-444C-4E94-9924-FB7699B44B9C}.Release|Any CPU.ActiveCfg = Release|Any CPU
		{CF1EC023-444C-4E94-9924-FB7699B44B9C}.Release|Any CPU.Build.0 = Release|Any CPU
		{901355E1-6F71-40CA-97EE-76AB8FC247EC}.Debug|Any CPU.ActiveCfg = Debug|Any CPU
		{901355E1-6F71-40CA-97EE-76AB8FC247EC}.Debug|Any CPU.Build.0 = Debug|Any CPU
		{901355E1-6F71-40CA-97EE-76AB8FC247EC}.Release|Any CPU.ActiveCfg = Release|Any CPU
		{901355E1-6F71-40CA-97EE-76AB8FC247EC}.Release|Any CPU.Build.0 = Release|Any CPU
		{E5907A5B-614F-4F56-9511-5EEC1400CE4E}.Debug|Any CPU.ActiveCfg = Debug|Any CPU
		{E5907A5B-614F-4F56-9511-5EEC1400CE4E}.Debug|Any CPU.Build.0 = Debug|Any CPU
		{E5907A5B-614F-4F56-9511-5EEC1400CE4E}.Release|Any CPU.ActiveCfg = Release|Any CPU
		{E5907A5B-614F-4F56-9511-5EEC1400CE4E}.Release|Any CPU.Build.0 = Release|Any CPU
		{9BD1B5F9-AB7F-450F-98BB-01013A81AE3B}.Debug|Any CPU.ActiveCfg = Debug|Any CPU
		{9BD1B5F9-AB7F-450F-98BB-01013A81AE3B}.Debug|Any CPU.Build.0 = Debug|Any CPU
		{9BD1B5F9-AB7F-450F-98BB-01013A81AE3B}.Release|Any CPU.ActiveCfg = Release|Any CPU
		{9BD1B5F9-AB7F-450F-98BB-01013A81AE3B}.Release|Any CPU.Build.0 = Release|Any CPU
		{860558CA-DB10-4263-8F63-7A21B0F4A558}.Debug|Any CPU.ActiveCfg = Debug|Any CPU
		{860558CA-DB10-4263-8F63-7A21B0F4A558}.Debug|Any CPU.Build.0 = Debug|Any CPU
		{860558CA-DB10-4263-8F63-7A21B0F4A558}.Release|Any CPU.ActiveCfg = Release|Any CPU
		{860558CA-DB10-4263-8F63-7A21B0F4A558}.Release|Any CPU.Build.0 = Release|Any CPU
		{F430222C-409E-474C-A167-290AE838629B}.Debug|Any CPU.ActiveCfg = Debug|Any CPU
		{F430222C-409E-474C-A167-290AE838629B}.Debug|Any CPU.Build.0 = Debug|Any CPU
		{F430222C-409E-474C-A167-290AE838629B}.Release|Any CPU.ActiveCfg = Release|Any CPU
		{F430222C-409E-474C-A167-290AE838629B}.Release|Any CPU.Build.0 = Release|Any CPU
		{68C0B26A-A6C9-407F-A49C-BC3F017538A1}.Debug|Any CPU.ActiveCfg = Debug|Any CPU
		{68C0B26A-A6C9-407F-A49C-BC3F017538A1}.Debug|Any CPU.Build.0 = Debug|Any CPU
		{68C0B26A-A6C9-407F-A49C-BC3F017538A1}.Release|Any CPU.ActiveCfg = Release|Any CPU
		{68C0B26A-A6C9-407F-A49C-BC3F017538A1}.Release|Any CPU.Build.0 = Release|Any CPU
		{C0816950-E6B8-46BE-A27D-57A7DAC39059}.Debug|Any CPU.ActiveCfg = Debug|Any CPU
		{C0816950-E6B8-46BE-A27D-57A7DAC39059}.Debug|Any CPU.Build.0 = Debug|Any CPU
		{C0816950-E6B8-46BE-A27D-57A7DAC39059}.Release|Any CPU.ActiveCfg = Release|Any CPU
		{C0816950-E6B8-46BE-A27D-57A7DAC39059}.Release|Any CPU.Build.0 = Release|Any CPU
		{D74DAE82-0D71-4950-87B0-9353E35F5A00}.Debug|Any CPU.ActiveCfg = Debug|Any CPU
		{D74DAE82-0D71-4950-87B0-9353E35F5A00}.Debug|Any CPU.Build.0 = Debug|Any CPU
		{D74DAE82-0D71-4950-87B0-9353E35F5A00}.Release|Any CPU.ActiveCfg = Release|Any CPU
		{D74DAE82-0D71-4950-87B0-9353E35F5A00}.Release|Any CPU.Build.0 = Release|Any CPU
		{F9DBDB3E-73D5-4AD8-9C02-00B155912C51}.Debug|Any CPU.ActiveCfg = Debug|Any CPU
		{F9DBDB3E-73D5-4AD8-9C02-00B155912C51}.Debug|Any CPU.Build.0 = Debug|Any CPU
		{F9DBDB3E-73D5-4AD8-9C02-00B155912C51}.Release|Any CPU.ActiveCfg = Release|Any CPU
		{F9DBDB3E-73D5-4AD8-9C02-00B155912C51}.Release|Any CPU.Build.0 = Release|Any CPU
		{3D824CBD-CE7E-4ACB-8838-F797D5938FD8}.Debug|Any CPU.ActiveCfg = Debug|Any CPU
		{3D824CBD-CE7E-4ACB-8838-F797D5938FD8}.Debug|Any CPU.Build.0 = Debug|Any CPU
		{3D824CBD-CE7E-4ACB-8838-F797D5938FD8}.Release|Any CPU.ActiveCfg = Release|Any CPU
		{3D824CBD-CE7E-4ACB-8838-F797D5938FD8}.Release|Any CPU.Build.0 = Release|Any CPU
		{FF29BE97-5B3A-490D-8234-8ED9A19ED959}.Debug|Any CPU.ActiveCfg = Debug|Any CPU
		{FF29BE97-5B3A-490D-8234-8ED9A19ED959}.Debug|Any CPU.Build.0 = Debug|Any CPU
		{FF29BE97-5B3A-490D-8234-8ED9A19ED959}.Release|Any CPU.ActiveCfg = Release|Any CPU
		{FF29BE97-5B3A-490D-8234-8ED9A19ED959}.Release|Any CPU.Build.0 = Release|Any CPU
		{961002CA-F5C3-416A-BA0E-6FB4FB98BADA}.Debug|Any CPU.ActiveCfg = Debug|Any CPU
		{961002CA-F5C3-416A-BA0E-6FB4FB98BADA}.Debug|Any CPU.Build.0 = Debug|Any CPU
		{961002CA-F5C3-416A-BA0E-6FB4FB98BADA}.Release|Any CPU.ActiveCfg = Release|Any CPU
		{961002CA-F5C3-416A-BA0E-6FB4FB98BADA}.Release|Any CPU.Build.0 = Release|Any CPU
		{BAD5CED6-C456-4170-B072-4709F9276F44}.Debug|Any CPU.ActiveCfg = Debug|Any CPU
		{BAD5CED6-C456-4170-B072-4709F9276F44}.Debug|Any CPU.Build.0 = Debug|Any CPU
		{BAD5CED6-C456-4170-B072-4709F9276F44}.Release|Any CPU.ActiveCfg = Release|Any CPU
		{BAD5CED6-C456-4170-B072-4709F9276F44}.Release|Any CPU.Build.0 = Release|Any CPU
		{7B8F0A53-708A-4F68-A10F-E0ED0CCE4CF0}.Debug|Any CPU.ActiveCfg = Debug|Any CPU
		{7B8F0A53-708A-4F68-A10F-E0ED0CCE4CF0}.Debug|Any CPU.Build.0 = Debug|Any CPU
		{7B8F0A53-708A-4F68-A10F-E0ED0CCE4CF0}.Release|Any CPU.ActiveCfg = Release|Any CPU
		{7B8F0A53-708A-4F68-A10F-E0ED0CCE4CF0}.Release|Any CPU.Build.0 = Release|Any CPU
		{4456BB10-BE60-4D9B-B0E7-FBB0959EF8B4}.Debug|Any CPU.ActiveCfg = Debug|Any CPU
		{4456BB10-BE60-4D9B-B0E7-FBB0959EF8B4}.Debug|Any CPU.Build.0 = Debug|Any CPU
		{4456BB10-BE60-4D9B-B0E7-FBB0959EF8B4}.Release|Any CPU.ActiveCfg = Release|Any CPU
		{4456BB10-BE60-4D9B-B0E7-FBB0959EF8B4}.Release|Any CPU.Build.0 = Release|Any CPU
		{2A1BB907-32C3-43C8-8951-9CF91B3E1639}.Debug|Any CPU.ActiveCfg = Debug|Any CPU
		{2A1BB907-32C3-43C8-8951-9CF91B3E1639}.Debug|Any CPU.Build.0 = Debug|Any CPU
		{2A1BB907-32C3-43C8-8951-9CF91B3E1639}.Release|Any CPU.ActiveCfg = Release|Any CPU
		{2A1BB907-32C3-43C8-8951-9CF91B3E1639}.Release|Any CPU.Build.0 = Release|Any CPU
		{4AC43ECD-BDC5-45A5-94BE-430C70EEDFD0}.Debug|Any CPU.ActiveCfg = Debug|Any CPU
		{4AC43ECD-BDC5-45A5-94BE-430C70EEDFD0}.Debug|Any CPU.Build.0 = Debug|Any CPU
		{4AC43ECD-BDC5-45A5-94BE-430C70EEDFD0}.Release|Any CPU.ActiveCfg = Release|Any CPU
		{4AC43ECD-BDC5-45A5-94BE-430C70EEDFD0}.Release|Any CPU.Build.0 = Release|Any CPU
		{AABB1E85-82F5-4DB8-BC46-AB08591AC3AE}.Debug|Any CPU.ActiveCfg = Debug|Any CPU
		{AABB1E85-82F5-4DB8-BC46-AB08591AC3AE}.Debug|Any CPU.Build.0 = Debug|Any CPU
		{AABB1E85-82F5-4DB8-BC46-AB08591AC3AE}.Release|Any CPU.ActiveCfg = Release|Any CPU
		{AABB1E85-82F5-4DB8-BC46-AB08591AC3AE}.Release|Any CPU.Build.0 = Release|Any CPU
		{C3294568-E661-4548-A694-C4804266D068}.Debug|Any CPU.ActiveCfg = Debug|Any CPU
		{C3294568-E661-4548-A694-C4804266D068}.Debug|Any CPU.Build.0 = Debug|Any CPU
		{C3294568-E661-4548-A694-C4804266D068}.Release|Any CPU.ActiveCfg = Release|Any CPU
		{C3294568-E661-4548-A694-C4804266D068}.Release|Any CPU.Build.0 = Release|Any CPU
		{EF8C96F8-1669-49EF-B181-A3FC0F122BEC}.Debug|Any CPU.ActiveCfg = Debug|Any CPU
		{EF8C96F8-1669-49EF-B181-A3FC0F122BEC}.Debug|Any CPU.Build.0 = Debug|Any CPU
		{EF8C96F8-1669-49EF-B181-A3FC0F122BEC}.Release|Any CPU.ActiveCfg = Release|Any CPU
		{EF8C96F8-1669-49EF-B181-A3FC0F122BEC}.Release|Any CPU.Build.0 = Release|Any CPU
		{8DB18331-31AD-4B3C-B387-BAEF7F8796FE}.Debug|Any CPU.ActiveCfg = Debug|Any CPU
		{8DB18331-31AD-4B3C-B387-BAEF7F8796FE}.Debug|Any CPU.Build.0 = Debug|Any CPU
		{8DB18331-31AD-4B3C-B387-BAEF7F8796FE}.Release|Any CPU.ActiveCfg = Release|Any CPU
		{8DB18331-31AD-4B3C-B387-BAEF7F8796FE}.Release|Any CPU.Build.0 = Release|Any CPU
		{30329DFC-6E41-444C-AB92-4F22F04EEFB9}.Debug|Any CPU.ActiveCfg = Debug|Any CPU
		{30329DFC-6E41-444C-AB92-4F22F04EEFB9}.Debug|Any CPU.Build.0 = Debug|Any CPU
		{30329DFC-6E41-444C-AB92-4F22F04EEFB9}.Release|Any CPU.ActiveCfg = Release|Any CPU
		{30329DFC-6E41-444C-AB92-4F22F04EEFB9}.Release|Any CPU.Build.0 = Release|Any CPU
		{47A06DF1-C6C9-4C7E-AC05-9E6C483DC6B3}.Debug|Any CPU.ActiveCfg = Debug|Any CPU
		{47A06DF1-C6C9-4C7E-AC05-9E6C483DC6B3}.Debug|Any CPU.Build.0 = Debug|Any CPU
		{47A06DF1-C6C9-4C7E-AC05-9E6C483DC6B3}.Release|Any CPU.ActiveCfg = Release|Any CPU
		{47A06DF1-C6C9-4C7E-AC05-9E6C483DC6B3}.Release|Any CPU.Build.0 = Release|Any CPU
		{27638DF0-DEF9-458E-A6D3-DD4B16D7A31F}.Debug|Any CPU.ActiveCfg = Debug|Any CPU
		{27638DF0-DEF9-458E-A6D3-DD4B16D7A31F}.Debug|Any CPU.Build.0 = Debug|Any CPU
		{27638DF0-DEF9-458E-A6D3-DD4B16D7A31F}.Release|Any CPU.ActiveCfg = Release|Any CPU
		{27638DF0-DEF9-458E-A6D3-DD4B16D7A31F}.Release|Any CPU.Build.0 = Release|Any CPU
		{F316ADF2-6881-4179-AFC4-F48298FDD3F2}.Debug|Any CPU.ActiveCfg = Debug|Any CPU
		{F316ADF2-6881-4179-AFC4-F48298FDD3F2}.Debug|Any CPU.Build.0 = Debug|Any CPU
		{F316ADF2-6881-4179-AFC4-F48298FDD3F2}.Release|Any CPU.ActiveCfg = Release|Any CPU
		{F316ADF2-6881-4179-AFC4-F48298FDD3F2}.Release|Any CPU.Build.0 = Release|Any CPU
		{7182828C-DDDC-439B-BA93-F21C330EF47C}.Debug|Any CPU.ActiveCfg = Debug|Any CPU
		{7182828C-DDDC-439B-BA93-F21C330EF47C}.Debug|Any CPU.Build.0 = Debug|Any CPU
		{7182828C-DDDC-439B-BA93-F21C330EF47C}.Release|Any CPU.ActiveCfg = Release|Any CPU
		{7182828C-DDDC-439B-BA93-F21C330EF47C}.Release|Any CPU.Build.0 = Release|Any CPU
		{0736E20F-1908-4707-B18E-3634B748DCDB}.Debug|Any CPU.ActiveCfg = Debug|Any CPU
		{0736E20F-1908-4707-B18E-3634B748DCDB}.Debug|Any CPU.Build.0 = Debug|Any CPU
		{0736E20F-1908-4707-B18E-3634B748DCDB}.Release|Any CPU.ActiveCfg = Release|Any CPU
		{0736E20F-1908-4707-B18E-3634B748DCDB}.Release|Any CPU.Build.0 = Release|Any CPU
		{8A15027A-E05F-4512-86D0-ADC57B8EFCF8}.Debug|Any CPU.ActiveCfg = Debug|Any CPU
		{8A15027A-E05F-4512-86D0-ADC57B8EFCF8}.Debug|Any CPU.Build.0 = Debug|Any CPU
		{8A15027A-E05F-4512-86D0-ADC57B8EFCF8}.Release|Any CPU.ActiveCfg = Release|Any CPU
		{8A15027A-E05F-4512-86D0-ADC57B8EFCF8}.Release|Any CPU.Build.0 = Release|Any CPU
		{080DF680-1EA5-4982-945C-156E82D44144}.Debug|Any CPU.ActiveCfg = Debug|Any CPU
		{080DF680-1EA5-4982-945C-156E82D44144}.Debug|Any CPU.Build.0 = Debug|Any CPU
		{080DF680-1EA5-4982-945C-156E82D44144}.Release|Any CPU.ActiveCfg = Release|Any CPU
		{080DF680-1EA5-4982-945C-156E82D44144}.Release|Any CPU.Build.0 = Release|Any CPU
		{5AB3D779-05B7-4394-ACD8-B17B41B1E2A6}.Debug|Any CPU.ActiveCfg = Debug|Any CPU
		{5AB3D779-05B7-4394-ACD8-B17B41B1E2A6}.Debug|Any CPU.Build.0 = Debug|Any CPU
		{5AB3D779-05B7-4394-ACD8-B17B41B1E2A6}.Release|Any CPU.ActiveCfg = Release|Any CPU
		{5AB3D779-05B7-4394-ACD8-B17B41B1E2A6}.Release|Any CPU.Build.0 = Release|Any CPU
		{AF2774ED-6C9F-464F-8E76-8DD3FE591C2F}.Debug|Any CPU.ActiveCfg = Debug|Any CPU
		{AF2774ED-6C9F-464F-8E76-8DD3FE591C2F}.Debug|Any CPU.Build.0 = Debug|Any CPU
		{AF2774ED-6C9F-464F-8E76-8DD3FE591C2F}.Release|Any CPU.ActiveCfg = Release|Any CPU
		{AF2774ED-6C9F-464F-8E76-8DD3FE591C2F}.Release|Any CPU.Build.0 = Release|Any CPU
		{3642C03E-7F8B-4806-9388-005F14A554A1}.Debug|Any CPU.ActiveCfg = Debug|Any CPU
		{3642C03E-7F8B-4806-9388-005F14A554A1}.Debug|Any CPU.Build.0 = Debug|Any CPU
		{3642C03E-7F8B-4806-9388-005F14A554A1}.Release|Any CPU.ActiveCfg = Release|Any CPU
		{3642C03E-7F8B-4806-9388-005F14A554A1}.Release|Any CPU.Build.0 = Release|Any CPU
		{A82DE969-9F1F-4452-AC06-5BA66B3CE7B1}.Debug|Any CPU.ActiveCfg = Debug|Any CPU
		{A82DE969-9F1F-4452-AC06-5BA66B3CE7B1}.Debug|Any CPU.Build.0 = Debug|Any CPU
		{A82DE969-9F1F-4452-AC06-5BA66B3CE7B1}.Release|Any CPU.ActiveCfg = Release|Any CPU
		{A82DE969-9F1F-4452-AC06-5BA66B3CE7B1}.Release|Any CPU.Build.0 = Release|Any CPU
		{7BD3EEC2-ADF4-4BA1-B1C0-1F5E2B073AD3}.Debug|Any CPU.ActiveCfg = Debug|Any CPU
		{7BD3EEC2-ADF4-4BA1-B1C0-1F5E2B073AD3}.Debug|Any CPU.Build.0 = Debug|Any CPU
		{7BD3EEC2-ADF4-4BA1-B1C0-1F5E2B073AD3}.Release|Any CPU.ActiveCfg = Release|Any CPU
		{7BD3EEC2-ADF4-4BA1-B1C0-1F5E2B073AD3}.Release|Any CPU.Build.0 = Release|Any CPU
		{FCB00324-6CBC-48F3-BEAA-9FF28652E296}.Debug|Any CPU.ActiveCfg = Debug|Any CPU
		{FCB00324-6CBC-48F3-BEAA-9FF28652E296}.Debug|Any CPU.Build.0 = Debug|Any CPU
		{FCB00324-6CBC-48F3-BEAA-9FF28652E296}.Release|Any CPU.ActiveCfg = Release|Any CPU
		{FCB00324-6CBC-48F3-BEAA-9FF28652E296}.Release|Any CPU.Build.0 = Release|Any CPU
		{C01C4BF6-0630-43B7-9CBF-02A330160179}.Debug|Any CPU.ActiveCfg = Debug|Any CPU
		{C01C4BF6-0630-43B7-9CBF-02A330160179}.Debug|Any CPU.Build.0 = Debug|Any CPU
		{C01C4BF6-0630-43B7-9CBF-02A330160179}.Release|Any CPU.ActiveCfg = Release|Any CPU
		{C01C4BF6-0630-43B7-9CBF-02A330160179}.Release|Any CPU.Build.0 = Release|Any CPU
		{924F8986-B42C-47C4-ACEA-CCD8F23FF691}.Debug|Any CPU.ActiveCfg = Debug|Any CPU
		{924F8986-B42C-47C4-ACEA-CCD8F23FF691}.Debug|Any CPU.Build.0 = Debug|Any CPU
		{924F8986-B42C-47C4-ACEA-CCD8F23FF691}.Release|Any CPU.ActiveCfg = Release|Any CPU
		{924F8986-B42C-47C4-ACEA-CCD8F23FF691}.Release|Any CPU.Build.0 = Release|Any CPU
		{FA5C2249-8B66-46C2-8BC4-187F5C2F72C1}.Debug|Any CPU.ActiveCfg = Debug|Any CPU
		{FA5C2249-8B66-46C2-8BC4-187F5C2F72C1}.Debug|Any CPU.Build.0 = Debug|Any CPU
		{FA5C2249-8B66-46C2-8BC4-187F5C2F72C1}.Release|Any CPU.ActiveCfg = Release|Any CPU
		{FA5C2249-8B66-46C2-8BC4-187F5C2F72C1}.Release|Any CPU.Build.0 = Release|Any CPU
		{7A2D9AD6-71A0-4180-BE0E-760D9F49DAB5}.Debug|Any CPU.ActiveCfg = Debug|Any CPU
		{7A2D9AD6-71A0-4180-BE0E-760D9F49DAB5}.Debug|Any CPU.Build.0 = Debug|Any CPU
		{7A2D9AD6-71A0-4180-BE0E-760D9F49DAB5}.Release|Any CPU.ActiveCfg = Release|Any CPU
		{7A2D9AD6-71A0-4180-BE0E-760D9F49DAB5}.Release|Any CPU.Build.0 = Release|Any CPU
		{FA16CEBA-D920-4BBE-9359-63F813D1F2DC}.Debug|Any CPU.ActiveCfg = Debug|Any CPU
		{FA16CEBA-D920-4BBE-9359-63F813D1F2DC}.Debug|Any CPU.Build.0 = Debug|Any CPU
		{FA16CEBA-D920-4BBE-9359-63F813D1F2DC}.Release|Any CPU.ActiveCfg = Release|Any CPU
		{FA16CEBA-D920-4BBE-9359-63F813D1F2DC}.Release|Any CPU.Build.0 = Release|Any CPU
		{2298FCA5-DDF7-409C-B1A1-A008D9E7680A}.Debug|Any CPU.ActiveCfg = Debug|Any CPU
		{2298FCA5-DDF7-409C-B1A1-A008D9E7680A}.Debug|Any CPU.Build.0 = Debug|Any CPU
		{2298FCA5-DDF7-409C-B1A1-A008D9E7680A}.Release|Any CPU.ActiveCfg = Release|Any CPU
		{2298FCA5-DDF7-409C-B1A1-A008D9E7680A}.Release|Any CPU.Build.0 = Release|Any CPU
		{0442BC91-7D7F-440F-A26C-642F137E2308}.Debug|Any CPU.ActiveCfg = Debug|Any CPU
		{0442BC91-7D7F-440F-A26C-642F137E2308}.Debug|Any CPU.Build.0 = Debug|Any CPU
		{0442BC91-7D7F-440F-A26C-642F137E2308}.Release|Any CPU.ActiveCfg = Release|Any CPU
		{0442BC91-7D7F-440F-A26C-642F137E2308}.Release|Any CPU.Build.0 = Release|Any CPU
		{F67BB57A-AD7E-47A8-B8AE-0E90280BCAD5}.Debug|Any CPU.ActiveCfg = Debug|Any CPU
		{F67BB57A-AD7E-47A8-B8AE-0E90280BCAD5}.Debug|Any CPU.Build.0 = Debug|Any CPU
		{F67BB57A-AD7E-47A8-B8AE-0E90280BCAD5}.Release|Any CPU.ActiveCfg = Release|Any CPU
		{F67BB57A-AD7E-47A8-B8AE-0E90280BCAD5}.Release|Any CPU.Build.0 = Release|Any CPU
		{80E4CD60-ABE4-4821-AF16-566A5E7AF667}.Debug|Any CPU.ActiveCfg = Debug|Any CPU
		{80E4CD60-ABE4-4821-AF16-566A5E7AF667}.Debug|Any CPU.Build.0 = Debug|Any CPU
		{80E4CD60-ABE4-4821-AF16-566A5E7AF667}.Release|Any CPU.ActiveCfg = Release|Any CPU
		{80E4CD60-ABE4-4821-AF16-566A5E7AF667}.Release|Any CPU.Build.0 = Release|Any CPU
		{2C168B60-01E1-4EFB-9152-8463CD03386C}.Debug|Any CPU.ActiveCfg = Debug|Any CPU
		{2C168B60-01E1-4EFB-9152-8463CD03386C}.Debug|Any CPU.Build.0 = Debug|Any CPU
		{2C168B60-01E1-4EFB-9152-8463CD03386C}.Release|Any CPU.ActiveCfg = Release|Any CPU
		{2C168B60-01E1-4EFB-9152-8463CD03386C}.Release|Any CPU.Build.0 = Release|Any CPU
		{95E1C28C-F1C6-4AAE-903B-50397585C2E2}.Debug|Any CPU.ActiveCfg = Debug|Any CPU
		{95E1C28C-F1C6-4AAE-903B-50397585C2E2}.Debug|Any CPU.Build.0 = Debug|Any CPU
		{95E1C28C-F1C6-4AAE-903B-50397585C2E2}.Release|Any CPU.ActiveCfg = Release|Any CPU
		{95E1C28C-F1C6-4AAE-903B-50397585C2E2}.Release|Any CPU.Build.0 = Release|Any CPU
		{024EA6E2-5124-4882-8B0B-948987DD0CFE}.Debug|Any CPU.ActiveCfg = Debug|Any CPU
		{024EA6E2-5124-4882-8B0B-948987DD0CFE}.Debug|Any CPU.Build.0 = Debug|Any CPU
		{024EA6E2-5124-4882-8B0B-948987DD0CFE}.Release|Any CPU.ActiveCfg = Release|Any CPU
		{024EA6E2-5124-4882-8B0B-948987DD0CFE}.Release|Any CPU.Build.0 = Release|Any CPU
		{A8A48DE2-3ADE-4512-8BCA-B5AD35EE1ED2}.Debug|Any CPU.ActiveCfg = Debug|Any CPU
		{A8A48DE2-3ADE-4512-8BCA-B5AD35EE1ED2}.Debug|Any CPU.Build.0 = Debug|Any CPU
		{A8A48DE2-3ADE-4512-8BCA-B5AD35EE1ED2}.Release|Any CPU.ActiveCfg = Release|Any CPU
		{A8A48DE2-3ADE-4512-8BCA-B5AD35EE1ED2}.Release|Any CPU.Build.0 = Release|Any CPU
		{9D31D993-D0CD-48E2-A86D-F30F3427FD11}.Debug|Any CPU.ActiveCfg = Debug|Any CPU
		{9D31D993-D0CD-48E2-A86D-F30F3427FD11}.Debug|Any CPU.Build.0 = Debug|Any CPU
		{9D31D993-D0CD-48E2-A86D-F30F3427FD11}.Release|Any CPU.ActiveCfg = Release|Any CPU
		{9D31D993-D0CD-48E2-A86D-F30F3427FD11}.Release|Any CPU.Build.0 = Release|Any CPU
		{B2513017-C40C-47E9-949B-C6E136E99413}.Debug|Any CPU.ActiveCfg = Debug|Any CPU
		{B2513017-C40C-47E9-949B-C6E136E99413}.Debug|Any CPU.Build.0 = Debug|Any CPU
		{B2513017-C40C-47E9-949B-C6E136E99413}.Release|Any CPU.ActiveCfg = Release|Any CPU
		{B2513017-C40C-47E9-949B-C6E136E99413}.Release|Any CPU.Build.0 = Release|Any CPU
		{C78C804A-948F-4D40-B93E-94077968A064}.Debug|Any CPU.ActiveCfg = Debug|Any CPU
		{C78C804A-948F-4D40-B93E-94077968A064}.Debug|Any CPU.Build.0 = Debug|Any CPU
		{C78C804A-948F-4D40-B93E-94077968A064}.Release|Any CPU.ActiveCfg = Release|Any CPU
		{C78C804A-948F-4D40-B93E-94077968A064}.Release|Any CPU.Build.0 = Release|Any CPU
		{3C9EE420-C4D9-4F82-BC56-ABB87C644861}.Debug|Any CPU.ActiveCfg = Debug|Any CPU
		{3C9EE420-C4D9-4F82-BC56-ABB87C644861}.Debug|Any CPU.Build.0 = Debug|Any CPU
		{3C9EE420-C4D9-4F82-BC56-ABB87C644861}.Release|Any CPU.ActiveCfg = Release|Any CPU
		{3C9EE420-C4D9-4F82-BC56-ABB87C644861}.Release|Any CPU.Build.0 = Release|Any CPU
		{BF6F3B34-164B-40AC-AF0C-95E8A98CE987}.Debug|Any CPU.ActiveCfg = Debug|Any CPU
		{BF6F3B34-164B-40AC-AF0C-95E8A98CE987}.Debug|Any CPU.Build.0 = Debug|Any CPU
		{BF6F3B34-164B-40AC-AF0C-95E8A98CE987}.Release|Any CPU.ActiveCfg = Release|Any CPU
		{BF6F3B34-164B-40AC-AF0C-95E8A98CE987}.Release|Any CPU.Build.0 = Release|Any CPU
		{49D418EE-D4DA-4F60-A1B4-6C1DFACF3BB7}.Debug|Any CPU.ActiveCfg = Debug|Any CPU
		{49D418EE-D4DA-4F60-A1B4-6C1DFACF3BB7}.Debug|Any CPU.Build.0 = Debug|Any CPU
		{49D418EE-D4DA-4F60-A1B4-6C1DFACF3BB7}.Release|Any CPU.ActiveCfg = Release|Any CPU
		{49D418EE-D4DA-4F60-A1B4-6C1DFACF3BB7}.Release|Any CPU.Build.0 = Release|Any CPU
		{D2983EFA-C50F-4686-8AA2-EC1770B7FAA9}.Debug|Any CPU.ActiveCfg = Debug|Any CPU
		{D2983EFA-C50F-4686-8AA2-EC1770B7FAA9}.Debug|Any CPU.Build.0 = Debug|Any CPU
		{D2983EFA-C50F-4686-8AA2-EC1770B7FAA9}.Release|Any CPU.ActiveCfg = Release|Any CPU
		{D2983EFA-C50F-4686-8AA2-EC1770B7FAA9}.Release|Any CPU.Build.0 = Release|Any CPU
		{E7D5C42E-90F6-4F47-9B5E-90A32C538DE5}.Debug|Any CPU.ActiveCfg = Debug|Any CPU
		{E7D5C42E-90F6-4F47-9B5E-90A32C538DE5}.Debug|Any CPU.Build.0 = Debug|Any CPU
		{E7D5C42E-90F6-4F47-9B5E-90A32C538DE5}.Release|Any CPU.ActiveCfg = Release|Any CPU
		{E7D5C42E-90F6-4F47-9B5E-90A32C538DE5}.Release|Any CPU.Build.0 = Release|Any CPU
		{831E106D-8317-4D83-91B2-7D0C4D2317EF}.Debug|Any CPU.ActiveCfg = Debug|Any CPU
		{831E106D-8317-4D83-91B2-7D0C4D2317EF}.Debug|Any CPU.Build.0 = Debug|Any CPU
		{831E106D-8317-4D83-91B2-7D0C4D2317EF}.Release|Any CPU.ActiveCfg = Release|Any CPU
		{831E106D-8317-4D83-91B2-7D0C4D2317EF}.Release|Any CPU.Build.0 = Release|Any CPU
		{C3CECF39-DCBC-484F-9D36-6A46A06E4108}.Debug|Any CPU.ActiveCfg = Debug|Any CPU
		{C3CECF39-DCBC-484F-9D36-6A46A06E4108}.Debug|Any CPU.Build.0 = Debug|Any CPU
		{C3CECF39-DCBC-484F-9D36-6A46A06E4108}.Release|Any CPU.ActiveCfg = Release|Any CPU
		{C3CECF39-DCBC-484F-9D36-6A46A06E4108}.Release|Any CPU.Build.0 = Release|Any CPU
		{E7BF2F89-077E-455A-8998-373C30195602}.Debug|Any CPU.ActiveCfg = Debug|Any CPU
		{E7BF2F89-077E-455A-8998-373C30195602}.Debug|Any CPU.Build.0 = Debug|Any CPU
		{E7BF2F89-077E-455A-8998-373C30195602}.Release|Any CPU.ActiveCfg = Release|Any CPU
		{E7BF2F89-077E-455A-8998-373C30195602}.Release|Any CPU.Build.0 = Release|Any CPU
		{C4994794-54D1-4A7F-BC3C-04181784D74E}.Debug|Any CPU.ActiveCfg = Debug|Any CPU
		{C4994794-54D1-4A7F-BC3C-04181784D74E}.Debug|Any CPU.Build.0 = Debug|Any CPU
		{C4994794-54D1-4A7F-BC3C-04181784D74E}.Release|Any CPU.ActiveCfg = Release|Any CPU
		{C4994794-54D1-4A7F-BC3C-04181784D74E}.Release|Any CPU.Build.0 = Release|Any CPU
		{72CAB9A6-5E34-4691-B79D-7211A2A148EE}.Debug|Any CPU.ActiveCfg = Debug|Any CPU
		{72CAB9A6-5E34-4691-B79D-7211A2A148EE}.Debug|Any CPU.Build.0 = Debug|Any CPU
		{72CAB9A6-5E34-4691-B79D-7211A2A148EE}.Release|Any CPU.ActiveCfg = Release|Any CPU
		{72CAB9A6-5E34-4691-B79D-7211A2A148EE}.Release|Any CPU.Build.0 = Release|Any CPU
		{312CF8C8-CB13-42EE-B9D1-07BFE525E0DD}.Debug|Any CPU.ActiveCfg = Debug|Any CPU
		{312CF8C8-CB13-42EE-B9D1-07BFE525E0DD}.Debug|Any CPU.Build.0 = Debug|Any CPU
		{312CF8C8-CB13-42EE-B9D1-07BFE525E0DD}.Release|Any CPU.ActiveCfg = Release|Any CPU
		{312CF8C8-CB13-42EE-B9D1-07BFE525E0DD}.Release|Any CPU.Build.0 = Release|Any CPU
		{1150114F-3290-438E-8B57-05B9A1DA0AB6}.Debug|Any CPU.ActiveCfg = Debug|Any CPU
		{1150114F-3290-438E-8B57-05B9A1DA0AB6}.Debug|Any CPU.Build.0 = Debug|Any CPU
		{1150114F-3290-438E-8B57-05B9A1DA0AB6}.Release|Any CPU.ActiveCfg = Release|Any CPU
		{1150114F-3290-438E-8B57-05B9A1DA0AB6}.Release|Any CPU.Build.0 = Release|Any CPU
		{AA7AA169-FEBC-48D7-A145-5638824F86EC}.Debug|Any CPU.ActiveCfg = Debug|Any CPU
		{AA7AA169-FEBC-48D7-A145-5638824F86EC}.Debug|Any CPU.Build.0 = Debug|Any CPU
		{AA7AA169-FEBC-48D7-A145-5638824F86EC}.Release|Any CPU.ActiveCfg = Release|Any CPU
		{AA7AA169-FEBC-48D7-A145-5638824F86EC}.Release|Any CPU.Build.0 = Release|Any CPU
	EndGlobalSection
	GlobalSection(SolutionProperties) = preSolution
		HideSolutionNode = FALSE
	EndGlobalSection
	GlobalSection(ExtensibilityGlobals) = postSolution
		SolutionGuid = {2B8E50D4-C399-4D8C-8DBF-C90E9E0ACB3D}
	EndGlobalSection
EndGlobal
