
Microsoft Visual Studio Solution File, Format Version 12.00
# Visual Studio Version 17
VisualStudioVersion = 17.2.32630.192
MinimumVisualStudioVersion = 10.0.40219.1
Project("{9A19103F-16F7-4668-BE54-9A1E7A4F7556}") = "D8S.L0002", "D8S.L0002\D8S.L0002.csproj", "{983885DD-5478-45A4-BDDC-376F0BDC864A}"
EndProject
Project("{2150E333-8FDC-42A3-9474-1A3956D46DE8}") = "_Dependencies", "_Dependencies", "{54D3E5DA-F447-4515-888D-72174F36299A}"
EndProject
Project("{9A19103F-16F7-4668-BE54-9A1E7A4F7556}") = "D8S.L0002.D001", "D8S.L0002.D001\D8S.L0002.D001.csproj", "{4D85B54C-33F6-472F-8D0B-34B7C09104BA}"
EndProject
Project("{9A19103F-16F7-4668-BE54-9A1E7A4F7556}") = "D8S.L0002.D002.X001", "D8S.L0002.D002.X001\D8S.L0002.D002.X001.csproj", "{D24B3108-BB11-4ACF-807E-17268D43A905}"
EndProject
Project("{9A19103F-16F7-4668-BE54-9A1E7A4F7556}") = "D8S.L0002.D002", "D8S.L0002.D002\D8S.L0002.D002.csproj", "{B93ADCB8-D00D-4339-B982-4DD8A40F3BAF}"
EndProject
Project("{9A19103F-16F7-4668-BE54-9A1E7A4F7556}") = "D8S.L0002.I001", "D8S.L0002.I001\D8S.L0002.I001.csproj", "{3B9B169F-2A57-496C-B811-ADEC0DF60799}"
EndProject
Project("{9A19103F-16F7-4668-BE54-9A1E7A4F7556}") = "D8S.L0002.I002", "D8S.L0002.I002\D8S.L0002.I002.csproj", "{DFC1ADF1-DC95-45BC-91A1-B9F598086C5A}"
EndProject
Project("{9A19103F-16F7-4668-BE54-9A1E7A4F7556}") = "D8S.L0002.L002", "D8S.L0002.L002\D8S.L0002.L002.csproj", "{A7212D80-5E29-4DE6-8AAD-536F2F2B636E}"
EndProject
Project("{9A19103F-16F7-4668-BE54-9A1E7A4F7556}") = "D8S.L0002.T001", "D8S.L0002.T001\D8S.L0002.T001.csproj", "{81540601-F6BB-4ECC-B618-50E4EB53DAFC}"
EndProject
Project("{9A19103F-16F7-4668-BE54-9A1E7A4F7556}") = "D8S.L0002.Z001", "D8S.L0002.Z001\D8S.L0002.Z001.csproj", "{ABDBE523-4174-474C-B680-485877949AE6}"
EndProject
Project("{9A19103F-16F7-4668-BE54-9A1E7A4F7556}") = "R5T.L0066", "..\..\..\SafetyCone\R5T.L0066\source\R5T.L0066\R5T.L0066.csproj", "{9EE1A29B-C5A2-48AF-9200-0BAD8237F190}"
EndProject
Project("{9A19103F-16F7-4668-BE54-9A1E7A4F7556}") = "R5T.NG0002", "..\..\..\SafetyCone\R5T.NG0002\source\R5T.NG0002\R5T.NG0002.csproj", "{C301BA0B-D82C-4283-BCC8-9A54E9CBFBEF}"
EndProject
Project("{9A19103F-16F7-4668-BE54-9A1E7A4F7556}") = "R5T.T0064", "..\..\..\SafetyCone\R5T.T0064\source\R5T.T0064\R5T.T0064.csproj", "{22C7AB06-9766-4476-874C-430505D691EC}"
EndProject
Project("{9A19103F-16F7-4668-BE54-9A1E7A4F7556}") = "R5T.T0131", "..\..\..\SafetyCone\R5T.T0131\source\R5T.T0131\R5T.T0131.csproj", "{05E6D3D6-953B-4685-BE25-A41E751638F6}"
EndProject
Project("{9A19103F-16F7-4668-BE54-9A1E7A4F7556}") = "R5T.T0132", "..\..\..\SafetyCone\R5T.T0132\source\R5T.T0132\R5T.T0132.csproj", "{B3B27932-F983-4303-A790-761EFF2DBA6E}"
EndProject
Project("{9A19103F-16F7-4668-BE54-9A1E7A4F7556}") = "R5T.T0142", "..\..\..\SafetyCone\R5T.T0142\source\R5T.T0142\R5T.T0142.csproj", "{83C9F927-D4A5-433B-8268-63C49667CA1F}"
EndProject
Project("{9A19103F-16F7-4668-BE54-9A1E7A4F7556}") = "R5T.T0143", "..\..\..\SafetyCone\R5T.T0143\source\R5T.T0143\R5T.T0143.csproj", "{5FFD8B3D-4ED4-4EFD-84BA-E510A6BCA925}"
EndProject
Project("{9A19103F-16F7-4668-BE54-9A1E7A4F7556}") = "R5T.T0156", "..\..\..\SafetyCone\R5T.T0156\source\R5T.T0156\R5T.T0156.csproj", "{97222930-294A-4326-9AE4-402F44E3F53C}"
EndProject
Project("{9A19103F-16F7-4668-BE54-9A1E7A4F7556}") = "R5T.T0241", "..\..\..\SafetyCone\R5T.T0241\source\R5T.T0241\R5T.T0241.csproj", "{01A2EEF5-1665-45D0-9B67-9CD65C1D7D98}"
EndProject
Project("{9A19103F-16F7-4668-BE54-9A1E7A4F7556}") = "R5T.T0248", "..\..\..\SafetyCone\R5T.T0248\source\R5T.T0248\R5T.T0248.csproj", "{007AB5A5-BDC1-4848-825E-C848E3E220FE}"
EndProject
Project("{9A19103F-16F7-4668-BE54-9A1E7A4F7556}") = "R5T.Y0006", "..\..\..\SafetyCone\R5T.Y0006\source\R5T.Y0006\R5T.Y0006.csproj", "{A0DA685A-AD51-466E-A357-DEE39E5DB278}"
EndProject
Global
	GlobalSection(SolutionConfigurationPlatforms) = preSolution
		Debug|Any CPU = Debug|Any CPU
		Release|Any CPU = Release|Any CPU
	EndGlobalSection
	GlobalSection(ProjectConfigurationPlatforms) = postSolution
		{983885DD-5478-45A4-BDDC-376F0BDC864A}.Debug|Any CPU.ActiveCfg = Debug|Any CPU
		{983885DD-5478-45A4-BDDC-376F0BDC864A}.Debug|Any CPU.Build.0 = Debug|Any CPU
		{983885DD-5478-45A4-BDDC-376F0BDC864A}.Release|Any CPU.ActiveCfg = Release|Any CPU
		{983885DD-5478-45A4-BDDC-376F0BDC864A}.Release|Any CPU.Build.0 = Release|Any CPU
		{4D85B54C-33F6-472F-8D0B-34B7C09104BA}.Debug|Any CPU.ActiveCfg = Debug|Any CPU
		{4D85B54C-33F6-472F-8D0B-34B7C09104BA}.Debug|Any CPU.Build.0 = Debug|Any CPU
		{4D85B54C-33F6-472F-8D0B-34B7C09104BA}.Release|Any CPU.ActiveCfg = Release|Any CPU
		{4D85B54C-33F6-472F-8D0B-34B7C09104BA}.Release|Any CPU.Build.0 = Release|Any CPU
		{D24B3108-BB11-4ACF-807E-17268D43A905}.Debug|Any CPU.ActiveCfg = Debug|Any CPU
		{D24B3108-BB11-4ACF-807E-17268D43A905}.Debug|Any CPU.Build.0 = Debug|Any CPU
		{D24B3108-BB11-4ACF-807E-17268D43A905}.Release|Any CPU.ActiveCfg = Release|Any CPU
		{D24B3108-BB11-4ACF-807E-17268D43A905}.Release|Any CPU.Build.0 = Release|Any CPU
		{B93ADCB8-D00D-4339-B982-4DD8A40F3BAF}.Debug|Any CPU.ActiveCfg = Debug|Any CPU
		{B93ADCB8-D00D-4339-B982-4DD8A40F3BAF}.Debug|Any CPU.Build.0 = Debug|Any CPU
		{B93ADCB8-D00D-4339-B982-4DD8A40F3BAF}.Release|Any CPU.ActiveCfg = Release|Any CPU
		{B93ADCB8-D00D-4339-B982-4DD8A40F3BAF}.Release|Any CPU.Build.0 = Release|Any CPU
		{3B9B169F-2A57-496C-B811-ADEC0DF60799}.Debug|Any CPU.ActiveCfg = Debug|Any CPU
		{3B9B169F-2A57-496C-B811-ADEC0DF60799}.Debug|Any CPU.Build.0 = Debug|Any CPU
		{3B9B169F-2A57-496C-B811-ADEC0DF60799}.Release|Any CPU.ActiveCfg = Release|Any CPU
		{3B9B169F-2A57-496C-B811-ADEC0DF60799}.Release|Any CPU.Build.0 = Release|Any CPU
		{DFC1ADF1-DC95-45BC-91A1-B9F598086C5A}.Debug|Any CPU.ActiveCfg = Debug|Any CPU
		{DFC1ADF1-DC95-45BC-91A1-B9F598086C5A}.Debug|Any CPU.Build.0 = Debug|Any CPU
		{DFC1ADF1-DC95-45BC-91A1-B9F598086C5A}.Release|Any CPU.ActiveCfg = Release|Any CPU
		{DFC1ADF1-DC95-45BC-91A1-B9F598086C5A}.Release|Any CPU.Build.0 = Release|Any CPU
		{A7212D80-5E29-4DE6-8AAD-536F2F2B636E}.Debug|Any CPU.ActiveCfg = Debug|Any CPU
		{A7212D80-5E29-4DE6-8AAD-536F2F2B636E}.Debug|Any CPU.Build.0 = Debug|Any CPU
		{A7212D80-5E29-4DE6-8AAD-536F2F2B636E}.Release|Any CPU.ActiveCfg = Release|Any CPU
		{A7212D80-5E29-4DE6-8AAD-536F2F2B636E}.Release|Any CPU.Build.0 = Release|Any CPU
		{81540601-F6BB-4ECC-B618-50E4EB53DAFC}.Debug|Any CPU.ActiveCfg = Debug|Any CPU
		{81540601-F6BB-4ECC-B618-50E4EB53DAFC}.Debug|Any CPU.Build.0 = Debug|Any CPU
		{81540601-F6BB-4ECC-B618-50E4EB53DAFC}.Release|Any CPU.ActiveCfg = Release|Any CPU
		{81540601-F6BB-4ECC-B618-50E4EB53DAFC}.Release|Any CPU.Build.0 = Release|Any CPU
		{ABDBE523-4174-474C-B680-485877949AE6}.Debug|Any CPU.ActiveCfg = Debug|Any CPU
		{ABDBE523-4174-474C-B680-485877949AE6}.Debug|Any CPU.Build.0 = Debug|Any CPU
		{ABDBE523-4174-474C-B680-485877949AE6}.Release|Any CPU.ActiveCfg = Release|Any CPU
		{ABDBE523-4174-474C-B680-485877949AE6}.Release|Any CPU.Build.0 = Release|Any CPU
		{9EE1A29B-C5A2-48AF-9200-0BAD8237F190}.Debug|Any CPU.ActiveCfg = Debug|Any CPU
		{9EE1A29B-C5A2-48AF-9200-0BAD8237F190}.Debug|Any CPU.Build.0 = Debug|Any CPU
		{9EE1A29B-C5A2-48AF-9200-0BAD8237F190}.Release|Any CPU.ActiveCfg = Release|Any CPU
		{9EE1A29B-C5A2-48AF-9200-0BAD8237F190}.Release|Any CPU.Build.0 = Release|Any CPU
		{C301BA0B-D82C-4283-BCC8-9A54E9CBFBEF}.Debug|Any CPU.ActiveCfg = Debug|Any CPU
		{C301BA0B-D82C-4283-BCC8-9A54E9CBFBEF}.Debug|Any CPU.Build.0 = Debug|Any CPU
		{C301BA0B-D82C-4283-BCC8-9A54E9CBFBEF}.Release|Any CPU.ActiveCfg = Release|Any CPU
		{C301BA0B-D82C-4283-BCC8-9A54E9CBFBEF}.Release|Any CPU.Build.0 = Release|Any CPU
		{22C7AB06-9766-4476-874C-430505D691EC}.Debug|Any CPU.ActiveCfg = Debug|Any CPU
		{22C7AB06-9766-4476-874C-430505D691EC}.Debug|Any CPU.Build.0 = Debug|Any CPU
		{22C7AB06-9766-4476-874C-430505D691EC}.Release|Any CPU.ActiveCfg = Release|Any CPU
		{22C7AB06-9766-4476-874C-430505D691EC}.Release|Any CPU.Build.0 = Release|Any CPU
		{05E6D3D6-953B-4685-BE25-A41E751638F6}.Debug|Any CPU.ActiveCfg = Debug|Any CPU
		{05E6D3D6-953B-4685-BE25-A41E751638F6}.Debug|Any CPU.Build.0 = Debug|Any CPU
		{05E6D3D6-953B-4685-BE25-A41E751638F6}.Release|Any CPU.ActiveCfg = Release|Any CPU
		{05E6D3D6-953B-4685-BE25-A41E751638F6}.Release|Any CPU.Build.0 = Release|Any CPU
		{B3B27932-F983-4303-A790-761EFF2DBA6E}.Debug|Any CPU.ActiveCfg = Debug|Any CPU
		{B3B27932-F983-4303-A790-761EFF2DBA6E}.Debug|Any CPU.Build.0 = Debug|Any CPU
		{B3B27932-F983-4303-A790-761EFF2DBA6E}.Release|Any CPU.ActiveCfg = Release|Any CPU
		{B3B27932-F983-4303-A790-761EFF2DBA6E}.Release|Any CPU.Build.0 = Release|Any CPU
		{83C9F927-D4A5-433B-8268-63C49667CA1F}.Debug|Any CPU.ActiveCfg = Debug|Any CPU
		{83C9F927-D4A5-433B-8268-63C49667CA1F}.Debug|Any CPU.Build.0 = Debug|Any CPU
		{83C9F927-D4A5-433B-8268-63C49667CA1F}.Release|Any CPU.ActiveCfg = Release|Any CPU
		{83C9F927-D4A5-433B-8268-63C49667CA1F}.Release|Any CPU.Build.0 = Release|Any CPU
		{5FFD8B3D-4ED4-4EFD-84BA-E510A6BCA925}.Debug|Any CPU.ActiveCfg = Debug|Any CPU
		{5FFD8B3D-4ED4-4EFD-84BA-E510A6BCA925}.Debug|Any CPU.Build.0 = Debug|Any CPU
		{5FFD8B3D-4ED4-4EFD-84BA-E510A6BCA925}.Release|Any CPU.ActiveCfg = Release|Any CPU
		{5FFD8B3D-4ED4-4EFD-84BA-E510A6BCA925}.Release|Any CPU.Build.0 = Release|Any CPU
		{97222930-294A-4326-9AE4-402F44E3F53C}.Debug|Any CPU.ActiveCfg = Debug|Any CPU
		{97222930-294A-4326-9AE4-402F44E3F53C}.Debug|Any CPU.Build.0 = Debug|Any CPU
		{97222930-294A-4326-9AE4-402F44E3F53C}.Release|Any CPU.ActiveCfg = Release|Any CPU
		{97222930-294A-4326-9AE4-402F44E3F53C}.Release|Any CPU.Build.0 = Release|Any CPU
		{01A2EEF5-1665-45D0-9B67-9CD65C1D7D98}.Debug|Any CPU.ActiveCfg = Debug|Any CPU
		{01A2EEF5-1665-45D0-9B67-9CD65C1D7D98}.Debug|Any CPU.Build.0 = Debug|Any CPU
		{01A2EEF5-1665-45D0-9B67-9CD65C1D7D98}.Release|Any CPU.ActiveCfg = Release|Any CPU
		{01A2EEF5-1665-45D0-9B67-9CD65C1D7D98}.Release|Any CPU.Build.0 = Release|Any CPU
		{007AB5A5-BDC1-4848-825E-C848E3E220FE}.Debug|Any CPU.ActiveCfg = Debug|Any CPU
		{007AB5A5-BDC1-4848-825E-C848E3E220FE}.Debug|Any CPU.Build.0 = Debug|Any CPU
		{007AB5A5-BDC1-4848-825E-C848E3E220FE}.Release|Any CPU.ActiveCfg = Release|Any CPU
		{007AB5A5-BDC1-4848-825E-C848E3E220FE}.Release|Any CPU.Build.0 = Release|Any CPU
		{A0DA685A-AD51-466E-A357-DEE39E5DB278}.Debug|Any CPU.ActiveCfg = Debug|Any CPU
		{A0DA685A-AD51-466E-A357-DEE39E5DB278}.Debug|Any CPU.Build.0 = Debug|Any CPU
		{A0DA685A-AD51-466E-A357-DEE39E5DB278}.Release|Any CPU.ActiveCfg = Release|Any CPU
		{A0DA685A-AD51-466E-A357-DEE39E5DB278}.Release|Any CPU.Build.0 = Release|Any CPU
	EndGlobalSection
	GlobalSection(SolutionProperties) = preSolution
		HideSolutionNode = FALSE
	EndGlobalSection
	GlobalSection(NestedProjects) = preSolution
		{9EE1A29B-C5A2-48AF-9200-0BAD8237F190} = {54D3E5DA-F447-4515-888D-72174F36299A}
		{C301BA0B-D82C-4283-BCC8-9A54E9CBFBEF} = {54D3E5DA-F447-4515-888D-72174F36299A}
		{22C7AB06-9766-4476-874C-430505D691EC} = {54D3E5DA-F447-4515-888D-72174F36299A}
		{05E6D3D6-953B-4685-BE25-A41E751638F6} = {54D3E5DA-F447-4515-888D-72174F36299A}
		{B3B27932-F983-4303-A790-761EFF2DBA6E} = {54D3E5DA-F447-4515-888D-72174F36299A}
		{83C9F927-D4A5-433B-8268-63C49667CA1F} = {54D3E5DA-F447-4515-888D-72174F36299A}
		{5FFD8B3D-4ED4-4EFD-84BA-E510A6BCA925} = {54D3E5DA-F447-4515-888D-72174F36299A}
		{97222930-294A-4326-9AE4-402F44E3F53C} = {54D3E5DA-F447-4515-888D-72174F36299A}
		{01A2EEF5-1665-45D0-9B67-9CD65C1D7D98} = {54D3E5DA-F447-4515-888D-72174F36299A}
		{007AB5A5-BDC1-4848-825E-C848E3E220FE} = {54D3E5DA-F447-4515-888D-72174F36299A}
		{A0DA685A-AD51-466E-A357-DEE39E5DB278} = {54D3E5DA-F447-4515-888D-72174F36299A}
	EndGlobalSection
	GlobalSection(ExtensibilityGlobals) = postSolution
		SolutionGuid = {02FEC237-EF16-46F0-B57E-888A335BB81D}
	EndGlobalSection
EndGlobal
